
Microsoft Visual Studio Solution File, Format Version 12.00
# Visual Studio Version 17
VisualStudioVersion = 17.12.35527.113
MinimumVisualStudioVersion = 10.0.40219.1
Project("{FAE04EC0-301F-11D3-BF4B-00C04F79EFBC}") = "Demo", "Demo\Demo.csproj", "{C3E69D7D-DEB7-45AF-B455-50896918B4AA}"
EndProject
Project("{FAE04EC0-301F-11D3-BF4B-00C04F79EFBC}") = "Assignment 02", "Assignment 02\Assignment 02.csproj", "{04356742-577B-40BB-BE8A-1498D964B002}"
EndProject
Global
	GlobalSection(SolutionConfigurationPlatforms) = preSolution
		Debug|Any CPU = Debug|Any CPU
		Release|Any CPU = Release|Any CPU
	EndGlobalSection
	GlobalSection(ProjectConfigurationPlatforms) = postSolution
		{C3E69D7D-DEB7-45AF-B455-50896918B4AA}.Debug|Any CPU.ActiveCfg = Debug|Any CPU
		{C3E69D7D-DEB7-45AF-B455-50896918B4AA}.Debug|Any CPU.Build.0 = Debug|Any CPU
		{C3E69D7D-DEB7-45AF-B455-50896918B4AA}.Release|Any CPU.ActiveCfg = Release|Any CPU
		{C3E69D7D-DEB7-45AF-B455-50896918B4AA}.Release|Any CPU.Build.0 = Release|Any CPU
		{04356742-577B-40BB-BE8A-1498D964B002}.Debug|Any CPU.ActiveCfg = Debug|Any CPU
		{04356742-577B-40BB-BE8A-1498D964B002}.Debug|Any CPU.Build.0 = Debug|Any CPU
		{04356742-577B-40BB-BE8A-1498D964B002}.Release|Any CPU.ActiveCfg = Release|Any CPU
		{04356742-577B-40BB-BE8A-1498D964B002}.Release|Any CPU.Build.0 = Release|Any CPU
	EndGlobalSection
	GlobalSection(SolutionProperties) = preSolution
		HideSolutionNode = FALSE
	EndGlobalSection
EndGlobal
